
Microsoft Visual Studio Solution File, Format Version 12.00
Project("{FAE04EC0-301F-11D3-BF4B-00C04F79EFBC}") = "DayzServerConfigurator", "DayzServerConfigurator\DayzServerConfigurator.csproj", "{A32830C5-D7AF-4FB9-94B6-8AD16B60A079}"
EndProject
Global
	GlobalSection(SolutionConfigurationPlatforms) = preSolution
		Debug|Any CPU = Debug|Any CPU
		Release|Any CPU = Release|Any CPU
	EndGlobalSection
	GlobalSection(ProjectConfigurationPlatforms) = postSolution
		{A32830C5-D7AF-4FB9-94B6-8AD16B60A079}.Debug|Any CPU.ActiveCfg = Debug|Any CPU
		{A32830C5-D7AF-4FB9-94B6-8AD16B60A079}.Debug|Any CPU.Build.0 = Debug|Any CPU
		{A32830C5-D7AF-4FB9-94B6-8AD16B60A079}.Release|Any CPU.ActiveCfg = Release|Any CPU
		{A32830C5-D7AF-4FB9-94B6-8AD16B60A079}.Release|Any CPU.Build.0 = Release|Any CPU
	EndGlobalSection
EndGlobal
